
Microsoft Visual Studio Solution File, Format Version 12.00
# Visual Studio 15
VisualStudioVersion = 15.0.28307.168
MinimumVisualStudioVersion = 10.0.40219.1
Project("{FAE04EC0-301F-11D3-BF4B-00C04F79EFBC}") = "XFSnippet", "XFSnippet\XFSnippet.csproj", "{C5136FA5-7DDB-4DD2-A52E-34BEF6593871}"
EndProject
Global
	GlobalSection(SolutionConfigurationPlatforms) = preSolution
		Debug|Any CPU = Debug|Any CPU
		Release|Any CPU = Release|Any CPU
	EndGlobalSection
	GlobalSection(ProjectConfigurationPlatforms) = postSolution
		{C5136FA5-7DDB-4DD2-A52E-34BEF6593871}.Debug|Any CPU.ActiveCfg = Debug|Any CPU
		{C5136FA5-7DDB-4DD2-A52E-34BEF6593871}.Debug|Any CPU.Build.0 = Debug|Any CPU
		{C5136FA5-7DDB-4DD2-A52E-34BEF6593871}.Release|Any CPU.ActiveCfg = Release|Any CPU
		{C5136FA5-7DDB-4DD2-A52E-34BEF6593871}.Release|Any CPU.Build.0 = Release|Any CPU
	EndGlobalSection
	GlobalSection(SolutionProperties) = preSolution
		HideSolutionNode = FALSE
	EndGlobalSection
	GlobalSection(ExtensibilityGlobals) = postSolution
		SolutionGuid = {269ADBDD-3CA3-4106-A585-FBD59D872114}
	EndGlobalSection
EndGlobal
